<?xml version="1.0" encoding="utf-8"?>
<Project ToolsVersion="4.0" xmlns="http://schemas.microsoft.com/developer/msbuild/2003">
  <ItemGroup>
    <Filter Include="源文件">
      <UniqueIdentifier>{4FC737F1-C7A5-4376-A066-2A32D752A2FF}</UniqueIdentifier>
      <Extensions>cpp;c;cc;cxx;c++;cppm;ixx;def;odl;idl;hpj;bat;asm;asmx</Extensions>
    </Filter>
    <Filter Include="头文件">
      <UniqueIdentifier>{93995380-89BD-4b04-88EB-625FBE52EBFB}</UniqueIdentifier>
      <Extensions>h;hh;hpp;hxx;h++;hm;inl;inc;ipp;xsd</Extensions>
    </Filter>
    <Filter Include="资源文件">
      <UniqueIdentifier>{67DA6AB6-F800-4c08-8B7A-83BB121AAD01}</UniqueIdentifier>
      <Extensions>rc;ico;cur;bmp;dlg;rc2;rct;bin;rgs;gif;jpg;jpeg;jpe;resx;tiff;tif;png;wav;mfcribbon-ms</Extensions>
    </Filter>
    <Filter Include="源文件\chapter7">
      <UniqueIdentifier>{79796a92-5419-4747-ba71-4ed61d24d11c}</UniqueIdentifier>
    </Filter>
  </ItemGroup>
  <ItemGroup>
    <ClCompile Include="1.0.0enum枚举.cpp">
      <Filter>源文件\chapter7</Filter>
    </ClCompile>
    <ClCompile Include="1.0.1枚举的遍历.c">
      <Filter>源文件\chapter7</Filter>
    </ClCompile>
    <ClCompile Include="2.0.0funcDemo.c">
      <Filter>源文件\chapter7</Filter>
    </ClCompile>
    <ClCompile Include="myfun.c">
      <Filter>源文件\chapter7</Filter>
    </ClCompile>
    <ClCompile Include="myfunTest.c">
      <Filter>源文件\chapter7</Filter>
    </ClCompile>
    <ClCompile Include="getsum.cpp">
      <Filter>源文件\chapter7</Filter>
    </ClCompile>
    <ClCompile Include="2.1.0函数递归recursion.cpp">
      <Filter>源文件\chapter7</Filter>
    </ClCompile>
    <ClCompile Include="2.2recursionExercise.c">
      <Filter>源文件\chapter7</Filter>
    </ClCompile>
    <ClCompile Include="2.2functionDetail.c">
      <Filter>源文件\chapter7</Filter>
    </ClCompile>
    <ClCompile Include="2.3functionDetail2.cpp">
      <Filter>源文件\chapter7</Filter>
    </ClCompile>
    <ClCompile Include="3.0VarScope.cpp">
      <Filter>源文件\chapter7</Filter>
    </ClCompile>
    <ClCompile Include="2.4varInit.cpp">
      <Filter>源文件\chapter7</Filter>
    </ClCompile>
    <ClCompile Include="3.1VarScopeExercise.cpp">
      <Filter>源文件\chapter7</Filter>
    </ClCompile>
    <ClCompile Include="4.0StaticDemo.c">
      <Filter>源文件\chapter7</Filter>
    </ClCompile>
    <ClCompile Include="4.1staticGlobVar.cpp">
      <Filter>源文件\chapter7</Filter>
    </ClCompile>
    <ClCompile Include="4.1.1staticGlobVar2.cpp">
      <Filter>源文件\chapter7</Filter>
    </ClCompile>
    <ClCompile Include="4.2staticFunc.c">
      <Filter>源文件\chapter7</Filter>
    </ClCompile>
    <ClCompile Include="4.2.1StaticFunc2.c">
      <Filter>源文件\chapter7</Filter>
    </ClCompile>
    <ClCompile Include="5.0StrFunc.cpp">
      <Filter>源文件\chapter7</Filter>
    </ClCompile>
    <ClCompile Include="5.2TimeFunc.cpp">
      <Filter>源文件\chapter7</Filter>
    </ClCompile>
    <ClCompile Include="6.0BasicToStr.cpp">
      <Filter>源文件\chapter7</Filter>
    </ClCompile>
    <ClCompile Include="6.1StrToBasic.cpp">
      <Filter>源文件\chapter7</Filter>
    </ClCompile>
    <ClCompile Include="FuncExercise.cpp">
      <Filter>源文件\chapter7</Filter>
    </ClCompile>
    <ClCompile Include="FuncExercise2.cpp">
      <Filter>源文件\chapter7</Filter>
    </ClCompile>
  </ItemGroup>
  <ItemGroup>
    <ClInclude Include="myfun1.h">
      <Filter>头文件</Filter>
    </ClInclude>
  </ItemGroup>
</Project>